
Microsoft Visual Studio Solution File, Format Version 12.00
# Visual Studio Version 17
VisualStudioVersion = 17.0.31903.59
MinimumVisualStudioVersion = 10.0.40219.1
Project("{FAE04EC0-301F-11D3-BF4B-00C04F79EFBC}") = "API", "API\API.csproj", "{C44599AD-21B5-4A13-84DD-97C31C265203}"
EndProject
Project("{FAE04EC0-301F-11D3-BF4B-00C04F79EFBC}") = "Core", "Core\Core.csproj", "{1185E20D-9E62-4D23-B548-8DC536EE23B9}"
EndProject
Project("{FAE04EC0-301F-11D3-BF4B-00C04F79EFBC}") = "Infrastructure", "Infrastructure\Infrastructure.csproj", "{FE1472D9-C42F-4B39-BED6-A7E47D633B40}"
EndProject
Global
	GlobalSection(SolutionConfigurationPlatforms) = preSolution
		Debug|Any CPU = Debug|Any CPU
		Release|Any CPU = Release|Any CPU
	EndGlobalSection
	GlobalSection(SolutionProperties) = preSolution
		HideSolutionNode = FALSE
	EndGlobalSection
	GlobalSection(ProjectConfigurationPlatforms) = postSolution
		{C44599AD-21B5-4A13-84DD-97C31C265203}.Debug|Any CPU.ActiveCfg = Debug|Any CPU
		{C44599AD-21B5-4A13-84DD-97C31C265203}.Debug|Any CPU.Build.0 = Debug|Any CPU
		{C44599AD-21B5-4A13-84DD-97C31C265203}.Release|Any CPU.ActiveCfg = Release|Any CPU
		{C44599AD-21B5-4A13-84DD-97C31C265203}.Release|Any CPU.Build.0 = Release|Any CPU
		{1185E20D-9E62-4D23-B548-8DC536EE23B9}.Debug|Any CPU.ActiveCfg = Debug|Any CPU
		{1185E20D-9E62-4D23-B548-8DC536EE23B9}.Debug|Any CPU.Build.0 = Debug|Any CPU
		{1185E20D-9E62-4D23-B548-8DC536EE23B9}.Release|Any CPU.ActiveCfg = Release|Any CPU
		{1185E20D-9E62-4D23-B548-8DC536EE23B9}.Release|Any CPU.Build.0 = Release|Any CPU
		{FE1472D9-C42F-4B39-BED6-A7E47D633B40}.Debug|Any CPU.ActiveCfg = Debug|Any CPU
		{FE1472D9-C42F-4B39-BED6-A7E47D633B40}.Debug|Any CPU.Build.0 = Debug|Any CPU
		{FE1472D9-C42F-4B39-BED6-A7E47D633B40}.Release|Any CPU.ActiveCfg = Release|Any CPU
		{FE1472D9-C42F-4B39-BED6-A7E47D633B40}.Release|Any CPU.Build.0 = Release|Any CPU
	EndGlobalSection
EndGlobal
